
Microsoft Visual Studio Solution File, Format Version 12.00
# Visual Studio Version 16
VisualStudioVersion = 16.0.29709.97
MinimumVisualStudioVersion = 10.0.40219.1
Project("{FAE04EC0-301F-11D3-BF4B-00C04F79EFBC}") = "2x2 Squares in Matrix", "2x2 Squares in Matrix\2x2 Squares in Matrix.csproj", "{1C94A4F0-34D2-46DF-A30B-98379F6929CC}"
EndProject
Project("{FAE04EC0-301F-11D3-BF4B-00C04F79EFBC}") = "Bombs", "Bombs\Bombs.csproj", "{D79DCAAB-4156-4C7B-A271-C0FE3A14180E}"
EndProject
Project("{FAE04EC0-301F-11D3-BF4B-00C04F79EFBC}") = "Diagonal Difference", "Diagonal Difference\Diagonal Difference.csproj", "{E57485F8-AC04-4C74-9455-14C23067FE66}"
EndProject
Project("{FAE04EC0-301F-11D3-BF4B-00C04F79EFBC}") = "Jagged Array Manipulator", "Jagged Array Manipulator\Jagged Array Manipulator.csproj", "{62B19041-8571-4ECC-9D6E-CD533054AFF1}"
EndProject
Project("{FAE04EC0-301F-11D3-BF4B-00C04F79EFBC}") = "Matrix Shuffling", "Matrix Shuffling\Matrix Shuffling.csproj", "{B2B8DC52-08D6-4BA0-95E7-0F2DAF4F3722}"
EndProject
Project("{FAE04EC0-301F-11D3-BF4B-00C04F79EFBC}") = "Maximum Sum", "Maximum Sum\Maximum Sum.csproj", "{E5C8C6E3-4F69-4892-8918-4A1D43B66D91}"
EndProject
Project("{FAE04EC0-301F-11D3-BF4B-00C04F79EFBC}") = "Miner", "Miner\Miner.csproj", "{ADDED554-D7D6-480D-B444-917BDD2CF52E}"
EndProject
Project("{FAE04EC0-301F-11D3-BF4B-00C04F79EFBC}") = "Snake Moves", "Snake Moves\Snake Moves.csproj", "{F95E5C65-3B66-42E1-B5D5-3D529240C470}"
EndProject
Global
	GlobalSection(SolutionConfigurationPlatforms) = preSolution
		Debug|Any CPU = Debug|Any CPU
		Release|Any CPU = Release|Any CPU
	EndGlobalSection
	GlobalSection(ProjectConfigurationPlatforms) = postSolution
		{1C94A4F0-34D2-46DF-A30B-98379F6929CC}.Debug|Any CPU.ActiveCfg = Debug|Any CPU
		{1C94A4F0-34D2-46DF-A30B-98379F6929CC}.Debug|Any CPU.Build.0 = Debug|Any CPU
		{1C94A4F0-34D2-46DF-A30B-98379F6929CC}.Release|Any CPU.ActiveCfg = Release|Any CPU
		{1C94A4F0-34D2-46DF-A30B-98379F6929CC}.Release|Any CPU.Build.0 = Release|Any CPU
		{D79DCAAB-4156-4C7B-A271-C0FE3A14180E}.Debug|Any CPU.ActiveCfg = Debug|Any CPU
		{D79DCAAB-4156-4C7B-A271-C0FE3A14180E}.Debug|Any CPU.Build.0 = Debug|Any CPU
		{D79DCAAB-4156-4C7B-A271-C0FE3A14180E}.Release|Any CPU.ActiveCfg = Release|Any CPU
		{D79DCAAB-4156-4C7B-A271-C0FE3A14180E}.Release|Any CPU.Build.0 = Release|Any CPU
		{E57485F8-AC04-4C74-9455-14C23067FE66}.Debug|Any CPU.ActiveCfg = Debug|Any CPU
		{E57485F8-AC04-4C74-9455-14C23067FE66}.Debug|Any CPU.Build.0 = Debug|Any CPU
		{E57485F8-AC04-4C74-9455-14C23067FE66}.Release|Any CPU.ActiveCfg = Release|Any CPU
		{E57485F8-AC04-4C74-9455-14C23067FE66}.Release|Any CPU.Build.0 = Release|Any CPU
		{62B19041-8571-4ECC-9D6E-CD533054AFF1}.Debug|Any CPU.ActiveCfg = Debug|Any CPU
		{62B19041-8571-4ECC-9D6E-CD533054AFF1}.Debug|Any CPU.Build.0 = Debug|Any CPU
		{62B19041-8571-4ECC-9D6E-CD533054AFF1}.Release|Any CPU.ActiveCfg = Release|Any CPU
		{62B19041-8571-4ECC-9D6E-CD533054AFF1}.Release|Any CPU.Build.0 = Release|Any CPU
		{B2B8DC52-08D6-4BA0-95E7-0F2DAF4F3722}.Debug|Any CPU.ActiveCfg = Debug|Any CPU
		{B2B8DC52-08D6-4BA0-95E7-0F2DAF4F3722}.Debug|Any CPU.Build.0 = Debug|Any CPU
		{B2B8DC52-08D6-4BA0-95E7-0F2DAF4F3722}.Release|Any CPU.ActiveCfg = Release|Any CPU
		{B2B8DC52-08D6-4BA0-95E7-0F2DAF4F3722}.Release|Any CPU.Build.0 = Release|Any CPU
		{E5C8C6E3-4F69-4892-8918-4A1D43B66D91}.Debug|Any CPU.ActiveCfg = Debug|Any CPU
		{E5C8C6E3-4F69-4892-8918-4A1D43B66D91}.Debug|Any CPU.Build.0 = Debug|Any CPU
		{E5C8C6E3-4F69-4892-8918-4A1D43B66D91}.Release|Any CPU.ActiveCfg = Release|Any CPU
		{E5C8C6E3-4F69-4892-8918-4A1D43B66D91}.Release|Any CPU.Build.0 = Release|Any CPU
		{ADDED554-D7D6-480D-B444-917BDD2CF52E}.Debug|Any CPU.ActiveCfg = Debug|Any CPU
		{ADDED554-D7D6-480D-B444-917BDD2CF52E}.Debug|Any CPU.Build.0 = Debug|Any CPU
		{ADDED554-D7D6-480D-B444-917BDD2CF52E}.Release|Any CPU.ActiveCfg = Release|Any CPU
		{ADDED554-D7D6-480D-B444-917BDD2CF52E}.Release|Any CPU.Build.0 = Release|Any CPU
		{F95E5C65-3B66-42E1-B5D5-3D529240C470}.Debug|Any CPU.ActiveCfg = Debug|Any CPU
		{F95E5C65-3B66-42E1-B5D5-3D529240C470}.Debug|Any CPU.Build.0 = Debug|Any CPU
		{F95E5C65-3B66-42E1-B5D5-3D529240C470}.Release|Any CPU.ActiveCfg = Release|Any CPU
		{F95E5C65-3B66-42E1-B5D5-3D529240C470}.Release|Any CPU.Build.0 = Release|Any CPU
	EndGlobalSection
	GlobalSection(SolutionProperties) = preSolution
		HideSolutionNode = FALSE
	EndGlobalSection
	GlobalSection(ExtensibilityGlobals) = postSolution
		SolutionGuid = {170CCB63-08F1-43A3-A23B-5D6793A7C61E}
	EndGlobalSection
EndGlobal
